
Microsoft Visual Studio Solution File, Format Version 12.00
# Visual Studio Version 17
VisualStudioVersion = 17.2.32630.192
MinimumVisualStudioVersion = 10.0.40219.1
Project("{9A19103F-16F7-4668-BE54-9A1E7A4F7556}") = "RecordStore.API", "RecordStore.API\RecordStore.API.csproj", "{1E866029-647E-44EE-AE9F-7BAA02607082}"
EndProject
Project("{9A19103F-16F7-4668-BE54-9A1E7A4F7556}") = "RecordStore.Core", "RecordStore.Core\RecordStore.Core.csproj", "{739E96BD-2343-421C-98BF-856E0C990AA2}"
EndProject
Project("{9A19103F-16F7-4668-BE54-9A1E7A4F7556}") = "RecordStore.Infrastructure", "RecordStore.Infrastructure\RecordStore.Infrastructure.csproj", "{6AFBD7B9-7C4D-4B6E-B5FD-218F8B69FC8E}"
EndProject
Project("{FAE04EC0-301F-11D3-BF4B-00C04F79EFBC}") = "RecordStore.Application", "RecordStore.Application\RecordStore.Application.csproj", "{0C1C515B-D940-4C37-9D05-B9ACF1D6EFFF}"
EndProject
Global
	GlobalSection(SolutionConfigurationPlatforms) = preSolution
		Debug|Any CPU = Debug|Any CPU
		Release|Any CPU = Release|Any CPU
	EndGlobalSection
	GlobalSection(ProjectConfigurationPlatforms) = postSolution
		{1E866029-647E-44EE-AE9F-7BAA02607082}.Debug|Any CPU.ActiveCfg = Debug|Any CPU
		{1E866029-647E-44EE-AE9F-7BAA02607082}.Debug|Any CPU.Build.0 = Debug|Any CPU
		{1E866029-647E-44EE-AE9F-7BAA02607082}.Release|Any CPU.ActiveCfg = Release|Any CPU
		{1E866029-647E-44EE-AE9F-7BAA02607082}.Release|Any CPU.Build.0 = Release|Any CPU
		{739E96BD-2343-421C-98BF-856E0C990AA2}.Debug|Any CPU.ActiveCfg = Debug|Any CPU
		{739E96BD-2343-421C-98BF-856E0C990AA2}.Debug|Any CPU.Build.0 = Debug|Any CPU
		{739E96BD-2343-421C-98BF-856E0C990AA2}.Release|Any CPU.ActiveCfg = Release|Any CPU
		{739E96BD-2343-421C-98BF-856E0C990AA2}.Release|Any CPU.Build.0 = Release|Any CPU
		{6AFBD7B9-7C4D-4B6E-B5FD-218F8B69FC8E}.Debug|Any CPU.ActiveCfg = Debug|Any CPU
		{6AFBD7B9-7C4D-4B6E-B5FD-218F8B69FC8E}.Debug|Any CPU.Build.0 = Debug|Any CPU
		{6AFBD7B9-7C4D-4B6E-B5FD-218F8B69FC8E}.Release|Any CPU.ActiveCfg = Release|Any CPU
		{6AFBD7B9-7C4D-4B6E-B5FD-218F8B69FC8E}.Release|Any CPU.Build.0 = Release|Any CPU
		{0C1C515B-D940-4C37-9D05-B9ACF1D6EFFF}.Debug|Any CPU.ActiveCfg = Debug|Any CPU
		{0C1C515B-D940-4C37-9D05-B9ACF1D6EFFF}.Debug|Any CPU.Build.0 = Debug|Any CPU
		{0C1C515B-D940-4C37-9D05-B9ACF1D6EFFF}.Release|Any CPU.ActiveCfg = Release|Any CPU
		{0C1C515B-D940-4C37-9D05-B9ACF1D6EFFF}.Release|Any CPU.Build.0 = Release|Any CPU
	EndGlobalSection
	GlobalSection(SolutionProperties) = preSolution
		HideSolutionNode = FALSE
	EndGlobalSection
	GlobalSection(ExtensibilityGlobals) = postSolution
		SolutionGuid = {2D64F5CB-C8E0-4BCB-8078-4F90618686C4}
	EndGlobalSection
EndGlobal
